Microsoft Visual Studio Solution File, Format Version 11.00
# Visual Studio 2008

Project("{C6DEF16B-8C98-45D7-05B3-4F31467C728B}") = "COMP305-Assignment3-Saving Soldiers", "Assembly-CSharp.csproj", "{B71DE0E8-C5AC-52B5-97B4-A78E19961086}"
EndProject
Project("{C6DEF16B-8C98-45D7-05B3-4F31467C728B}") = "COMP305-Assignment3-Saving Soldiers", "Assembly-CSharp-Editor.csproj", "{0FE09872-E9FD-00D7-EC62-64A09C7CB281}"
EndProject
Global
	GlobalSection(SolutionConfigurationPlatforms) = preSolution
		Debug|Any CPU = Debug|Any CPU
		Release|Any CPU = Release|Any CPU
	EndGlobalSection
	GlobalSection(ProjectConfigurationPlatforms) = postSolution
		{B71DE0E8-C5AC-52B5-97B4-A78E19961086}.Debug|Any CPU.ActiveCfg = Debug|Any CPU
		{B71DE0E8-C5AC-52B5-97B4-A78E19961086}.Debug|Any CPU.Build.0 = Debug|Any CPU
		{B71DE0E8-C5AC-52B5-97B4-A78E19961086}.Release|Any CPU.ActiveCfg = Release|Any CPU
		{B71DE0E8-C5AC-52B5-97B4-A78E19961086}.Release|Any CPU.Build.0 = Release|Any CPU
		{0FE09872-E9FD-00D7-EC62-64A09C7CB281}.Debug|Any CPU.ActiveCfg = Debug|Any CPU
		{0FE09872-E9FD-00D7-EC62-64A09C7CB281}.Debug|Any CPU.Build.0 = Debug|Any CPU
		{0FE09872-E9FD-00D7-EC62-64A09C7CB281}.Release|Any CPU.ActiveCfg = Release|Any CPU
		{0FE09872-E9FD-00D7-EC62-64A09C7CB281}.Release|Any CPU.Build.0 = Release|Any CPU
	EndGlobalSection
	GlobalSection(SolutionProperties) = preSolution
		HideSolutionNode = FALSE
	EndGlobalSection
	GlobalSection(MonoDevelopProperties) = preSolution
		StartupItem = Assembly-CSharp.csproj
	EndGlobalSection
EndGlobal
